
Microsoft Visual Studio Solution File, Format Version 12.00
# Visual Studio Version 17
VisualStudioVersion = 17.6.33829.357
MinimumVisualStudioVersion = 10.0.40219.1
Project("{9A19103F-16F7-4668-BE54-9A1E7A4F7556}") = "ElevatorChallenge", "ElevatorChallenge\ElevatorChallenge.csproj", "{BE009090-EC71-444C-AC72-F687C8F751AF}"
EndProject
Project("{9A19103F-16F7-4668-BE54-9A1E7A4F7556}") = "ElevatorChallenge.Domain", "ElevatorChallenge.Domain\ElevatorChallenge.Domain.csproj", "{899DD4F6-3CBF-4A61-A6C6-7FCB8045CA45}"
EndProject
Project("{FAE04EC0-301F-11D3-BF4B-00C04F79EFBC}") = "ElevatorChallenge.Tests", "ElevatorChallenge.Tests\ElevatorChallenge.Tests.csproj", "{2D0DB7D4-69FC-40CE-B6F1-E219C1331FE8}"
EndProject
Global
	GlobalSection(SolutionConfigurationPlatforms) = preSolution
		Debug|Any CPU = Debug|Any CPU
		Release|Any CPU = Release|Any CPU
	EndGlobalSection
	GlobalSection(ProjectConfigurationPlatforms) = postSolution
		{BE009090-EC71-444C-AC72-F687C8F751AF}.Debug|Any CPU.ActiveCfg = Debug|Any CPU
		{BE009090-EC71-444C-AC72-F687C8F751AF}.Debug|Any CPU.Build.0 = Debug|Any CPU
		{BE009090-EC71-444C-AC72-F687C8F751AF}.Release|Any CPU.ActiveCfg = Release|Any CPU
		{BE009090-EC71-444C-AC72-F687C8F751AF}.Release|Any CPU.Build.0 = Release|Any CPU
		{899DD4F6-3CBF-4A61-A6C6-7FCB8045CA45}.Debug|Any CPU.ActiveCfg = Debug|Any CPU
		{899DD4F6-3CBF-4A61-A6C6-7FCB8045CA45}.Debug|Any CPU.Build.0 = Debug|Any CPU
		{899DD4F6-3CBF-4A61-A6C6-7FCB8045CA45}.Release|Any CPU.ActiveCfg = Release|Any CPU
		{899DD4F6-3CBF-4A61-A6C6-7FCB8045CA45}.Release|Any CPU.Build.0 = Release|Any CPU
		{2D0DB7D4-69FC-40CE-B6F1-E219C1331FE8}.Debug|Any CPU.ActiveCfg = Debug|Any CPU
		{2D0DB7D4-69FC-40CE-B6F1-E219C1331FE8}.Debug|Any CPU.Build.0 = Debug|Any CPU
		{2D0DB7D4-69FC-40CE-B6F1-E219C1331FE8}.Release|Any CPU.ActiveCfg = Release|Any CPU
		{2D0DB7D4-69FC-40CE-B6F1-E219C1331FE8}.Release|Any CPU.Build.0 = Release|Any CPU
	EndGlobalSection
	GlobalSection(SolutionProperties) = preSolution
		HideSolutionNode = FALSE
	EndGlobalSection
	GlobalSection(ExtensibilityGlobals) = postSolution
		SolutionGuid = {4650D2FD-ED2F-45F9-9661-637D37F3AB64}
	EndGlobalSection
EndGlobal
